
Microsoft Visual Studio Solution File, Format Version 12.00
# Visual Studio 15
VisualStudioVersion = 15.0.27703.2047
MinimumVisualStudioVersion = 10.0.40219.1
Project("{FAE04EC0-301F-11D3-BF4B-00C04F79EFBC}") = "01HelloApp", "01HelloApp\01HelloApp.csproj", "{A799CD9E-5E20-4658-8D4C-5C118153C4AD}"
EndProject
Global
	GlobalSection(SolutionConfigurationPlatforms) = preSolution
		Debug|Any CPU = Debug|Any CPU
		Release|Any CPU = Release|Any CPU
	EndGlobalSection
	GlobalSection(ProjectConfigurationPlatforms) = postSolution
		{A799CD9E-5E20-4658-8D4C-5C118153C4AD}.Debug|Any CPU.ActiveCfg = Debug|Any CPU
		{A799CD9E-5E20-4658-8D4C-5C118153C4AD}.Debug|Any CPU.Build.0 = Debug|Any CPU
		{A799CD9E-5E20-4658-8D4C-5C118153C4AD}.Release|Any CPU.ActiveCfg = Release|Any CPU
		{A799CD9E-5E20-4658-8D4C-5C118153C4AD}.Release|Any CPU.Build.0 = Release|Any CPU
	EndGlobalSection
	GlobalSection(SolutionProperties) = preSolution
		HideSolutionNode = FALSE
	EndGlobalSection
	GlobalSection(ExtensibilityGlobals) = postSolution
		SolutionGuid = {E4F01049-1448-4CB1-AE10-31DB6613C98F}
	EndGlobalSection
EndGlobal
